// !$*UTF8*$!
{
	archiveVersion = 1;
	classes = {
	};
	objectVersion = 46;
	objects = {

/* Begin PBXBuildFile section */
		6FA549A11DC2EB7B00058287 /* AppDelegate.swift in Sources */ = {isa = PBXBuildFile; fileRef = 6FA549A01DC2EB7B00058287 /* AppDelegate.swift */; };
		6FA549A31DC2EB7B00058287 /* ViewController.swift in Sources */ = {isa = PBXBuildFile; fileRef = 6FA549A21DC2EB7B00058287 /* ViewController.swift */; };
		6FA549A61DC2EB7B00058287 /* Main.storyboard in Resources */ = {isa = PBXBuildFile; fileRef = 6FA549A41DC2EB7B00058287 /* Main.storyboard */; };
		6FA549A81DC2EB7B00058287 /* Assets.xcassets in Resources */ = {isa = PBXBuildFile; fileRef = 6FA549A71DC2EB7B00058287 /* Assets.xcassets */; };
		6FA549AB1DC2EB7B00058287 /* LaunchScreen.storyboard in Resources */ = {isa = PBXBuildFile; fileRef = 6FA549A91DC2EB7B00058287 /* LaunchScreen.storyboard */; };
/* End PBXBuildFile section */

/* Begin PBXFileReference section */
		6FA5499D1DC2EB7B00058287 /* goChat.app */ = {isa = PBXFileReference; explicitFileType = wrapper.application; includeInIndex = 0; path = goChat.app; sourceTree = BUILT_PRODUCTS_DIR; };
		6FA549A01DC2EB7B00058287 /* AppDelegate.swift */ = {isa = PBXFileReference; lastKnownFileType = sourcecode.swift; path = AppDelegate.swift; sourceTree = "<group>"; };
		6FA549A21DC2EB7B00058287 /* ViewController.swift */ = {isa = PBXFileReference; lastKnownFileType = sourcecode.swift; path = ViewController.swift; sourceTree = "<group>"; };
		6FA549A51DC2EB7B00058287 /* Base */ = {isa = PBXFileReference; lastKnownFileType = file.storyboard; name = Base; path = Base.lproj/Main.storyboard; sourceTree = "<group>"; };
		6FA549A71DC2EB7B00058287 /* Assets.xcassets */ = {isa = PBXFileReference; lastKnownFileType = folder.assetcatalog; path = Assets.xcassets; sourceTree = "<group>"; };
		6FA549AA1DC2EB7B00058287 /* Base */ = {isa = PBXFileReference; lastKnownFileType = file.storyboard; name = Base; path = Base.lproj/LaunchScreen.storyboard; sourceTree = "<group>"; };
		6FA549AC1DC2EB7B00058287 /* Info.plist */ = {isa = PBXFileReference; lastKnownFileType = text.plist.xml; path = Info.plist; sourceTree = "<group>"; };
/* End PBXFileReference section */

/* Begin PBXFrameworksBuildPhase section */
		6FA5499A1DC2EB7B00058287 /* Frameworks */ = {
			isa = PBXFrameworksBuildPhase;
			buildActionMask = 2147483647;
			files = (
			);
			runOnlyForDeploymentPostprocessing = 0;
		};
/* End PBXFrameworksBuildPhase section */

/* Begin PBXGroup section */
		6FA549941DC2EB7B00058287 = {
			isa = PBXGroup;
			children = (
				6FA5499F1DC2EB7B00058287 /* goChat */,
				6FA5499E1DC2EB7B00058287 /* Products */,
			);
			sourceTree = "<group>";
		};
		6FA5499E1DC2EB7B00058287 /* Products */ = {
			isa = PBXGroup;
			children = (
				6FA5499D1DC2EB7B00058287 /* goChat.app */,
			);
			name = Products;
			sourceTree = "<group>";
		};
		6FA5499F1DC2EB7B00058287 /* goChat */ = {
			isa = PBXGroup;
			children = (
				6FA549A01DC2EB7B00058287 /* AppDelegate.swift */,
				6FA549A21DC2EB7B00058287 /* ViewController.swift */,
				6FA549A41DC2EB7B00058287 /* Main.storyboard */,
				6FA549A71DC2EB7B00058287 /* Assets.xcassets */,
				6FA549A91DC2EB7B00058287 /* LaunchScreen.storyboard */,
				6FA549AC1DC2EB7B00058287 /* Info.plist */,
			);
			path = goChat;
			sourceTree = "<group>";
		};
/* End PBXGroup section */

/* Begin PBXNativeTarget section */
		6FA5499C1DC2EB7B00058287 /* goChat */ = {
			isa = PBXNativeTarget;
			buildConfigurationList = 6FA549AF1DC2EB7B00058287 /* Build configuration list for PBXNativeTarget "goChat" */;
			buildPhases = (
				6FA549991DC2EB7B00058287 /* Sources */,
				6FA5499A1DC2EB7B00058287 /* Frameworks */,
				6FA5499B1DC2EB7B00058287 /* Resources */,
			);
			buildRules = (
			);
			dependencies = (
			);
			name = goChat;
			productName = goChat;
			productReference = 6FA5499D1DC2EB7B00058287 /* goChat.app */;
			productType = "com.apple.product-type.application";
		};
/* End PBXNativeTarget section */

/* Begin PBXProject section */
		6FA549951DC2EB7B00058287 /* Project object */ = {
			isa = PBXProject;
			attributes = {
				LastSwiftUpdateCheck = 0800;
				LastUpgradeCheck = 0800;
				TargetAttributes = {
					6FA5499C1DC2EB7B00058287 = {
						CreatedOnToolsVersion = 8.0;
						DevelopmentTeam = 9AC9J6TPZS;
						ProvisioningStyle = Automatic;
					};
				};
			};
			buildConfigurationList = 6FA549981DC2EB7B00058287 /* Build configuration list for PBXProject "goChat" */;
			compatibilityVersion = "Xcode 3.2";
			developmentRegion = English;
			hasScannedForEncodings = 0;
			knownRegions = (
				en,
				Base,
			);
			mainGroup = 6FA549941DC2EB7B00058287;
			productRefGroup = 6FA5499E1DC2EB7B00058287 /* Products */;
			projectDirPath = "";
			projectRoot = "";
			targets = (
				6FA5499C1DC2EB7B00058287 /* goChat */,
			);
		};
/* End PBXProject section */

/* Begin PBXResourcesBuildPhase section */
		6FA5499B1DC2EB7B00058287 /* Resources */ = {
			isa = PBXResourcesBuildPhase;
			buildActionMask = 2147483647;
			files = (
				6FA549AB1DC2EB7B00058287 /* LaunchScreen.storyboard in Resources */,
				6FA549A81DC2EB7B00058287 /* Assets.xcassets in Resources */,
				6FA549A61DC2EB7B00058287 /* Main.storyboard in Resources */,
			);
			runOnlyForDeploymentPostprocessing = 0;
		};
/* End PBXResourcesBuildPhase section */

/* Begin PBXSourcesBuildPhase section */
		6FA549991DC2EB7B00058287 /* Sources */ = {
			isa = PBXSourcesBuildPhase;
			buildActionMask = 2147483647;
			files = (
				6FA549A31DC2EB7B00058287 /* ViewController.swift in Sources */,
				6FA549A11DC2EB7B00058287 /* AppDelegate.swift in Sources */,
			);
			runOnlyForDeploymentPostprocessing = 0;
		};
/* End PBXSourcesBuildPhase section */

/* Begin PBXVariantGroup section */
		6FA549A41DC2EB7B00058287 /* Main.storyboard */ = {
			isa = PBXVariantGroup;
			children = (
				6FA549A51DC2EB7B00058287 /* Base */,
			);
			name = Main.storyboard;
			sourceTree = "<group>";
		};
		6FA549A91DC2EB7B00058287 /* LaunchScreen.storyboard */ = {
			isa = PBXVariantGroup;
			children = (
				6FA549AA1DC2EB7B00058287 /* Base */,
			);
			name = LaunchScreen.storyboard;
			sourceTree = "<group>";
		};
/* End PBXVariantGroup section */

/* Begin XCBuildConfiguration section */
		6FA549AD1DC2EB7B00058287 /* Debug */ = {
			isa = XCBuildConfiguration;
			buildSettings = {
				ALWAYS_SEARCH_USER_PATHS = NO;
				CLANG_ANALYZER_NONNULL = YES;
				CLANG_CXX_LANGUAGE_STANDARD = "gnu++0x";
				CLANG_CXX_LIBRARY = "libc++";
				CLANG_ENABLE_MODULES = YES;
				CLANG_ENABLE_OBJC_ARC = YES;
				CLANG_WARN_BOOL_CONVERSION = YES;
				CLANG_WARN_CONSTANT_CONVERSION = YES;
				CLANG_WARN_DIRECT_OBJC_ISA_USAGE = YES_ERROR;
				CLANG_WARN_DOCUMENTATION_COMMENTS = YES;
				CLANG_WARN_EMPTY_BODY = YES;
				CLANG_WARN_ENUM_CONVERSION = YES;
				CLANG_WARN_INFINITE_RECURSION = YES;
				CLANG_WARN_INT_CONVERSION = YES;
				CLANG_WARN_OBJC_ROOT_CLASS = YES_ERROR;
				CLANG_WARN_SUSPICIOUS_MOVES = YES;
				CLANG_WARN_UNREACHABLE_CODE = YES;
				CLANG_WARN__DUPLICATE_METHOD_MATCH = YES;
				"CODE_SIGN_IDENTITY[sdk=iphoneos*]" = "iPhone Developer";
				COPY_PHASE_STRIP = NO;
				DEBUG_INFORMATION_FORMAT = dwarf;
				ENABLE_STRICT_OBJC_MSGSEND = YES;
				ENABLE_TESTABILITY = YES;
				GCC_C_LANGUAGE_STANDARD = gnu99;
				GCC_DYNAMIC_NO_PIC = NO;
				GCC_NO_COMMON_BLOCKS = YES;
				GCC_OPTIMIZATION_LEVEL = 0;
				GCC_PREPROCESSOR_DEFINITIONS = (
					"DEBUG=1",
					"$(inherited)",
				);
				GCC_WARN_64_TO_32_BIT_CONVERSION = YES;
				GCC_WARN_ABOUT_RETURN_TYPE = YES_ERROR;
				GCC_WARN_UNDECLARED_SELECTOR = YES;
				GCC_WARN_UNINITIALIZED_AUTOS = YES_AGGRESSIVE;
				GCC_WARN_UNUSED_FUNCTION = YES;
				GCC_WARN_UNUSED_VARIABLE = YES;
				IPHONEOS_DEPLOYMENT_TARGET = 10.0;
				MTL_ENABLE_DEBUG_INFO = YES;
				ONLY_ACTIVE_ARCH = YES;
				SDKROOT = iphoneos;
				SWIFT_ACTIVE_COMPILATION_CONDITIONS = DEBUG;
				SWIFT_OPTIMIZATION_LEVEL = "-Onone";
			};
			name = Debug;
		};
		6FA549AE1DC2EB7B00058287 /* Release */ = {
			isa = XCBuildConfiguration;
			buildSettings = {
				ALWAYS_SEARCH_USER_PATHS = NO;
				CLANG_ANALYZER_NONNULL = YES;
				CLANG_CXX_LANGUAGE_STANDARD = "gnu++0x";
				CLANG_CXX_LIBRARY = "libc++";
				CLANG_ENABLE_MODULES = YES;
				CLANG_ENABLE_OBJC_ARC = YES;
				CLANG_WARN_BOOL_CONVERSION = YES;
				CLANG_WARN_CONSTANT_CONVERSION = YES;
				CLANG_WARN_DIRECT_OBJC_ISA_USAGE = YES_ERROR;
				CLANG_WARN_DOCUMENTATION_COMMENTS = YES;
				CLANG_WARN_EMPTY_BODY = YES;
				CLANG_WARN_ENUM_CONVERSION = YES;
				CLANG_WARN_INFINITE_RECURSION = YES;
				CLANG_WARN_INT_CONVERSION = YES;
				CLANG_WARN_OBJC_ROOT_CLASS = YES_ERROR;
				CLANG_WARN_SUSPICIOUS_MOVES = YES;
				CLANG_WARN_UNREACHABLE_CODE = YES;
				CLANG_WARN__DUPLICATE_METHOD_MATCH = YES;
				"CODE_SIGN_IDENTITY[sdk=iphoneos*]" = "iPhone Developer";
				COPY_PHASE_STRIP = NO;
				DEBUG_INFORMATION_FORMAT = "dwarf-with-dsym";
				ENABLE_NS_ASSERTIONS = NO;
				ENABLE_STRICT_OBJC_MSGSEND = YES;
				GCC_C_LANGUAGE_STANDARD = gnu99;
				GCC_NO_COMMON_BLOCKS = YES;
				GCC_WARN_64_TO_32_BIT_CONVERSION = YES;
				GCC_WARN_ABOUT_RETURN_TYPE = YES_ERROR;
				GCC_WARN_UNDECLARED_SELECTOR = YES;
				GCC_WARN_UNINITIALIZED_AUTOS = YES_AGGRESSIVE;
				GCC_WARN_UNUSED_FUNCTION = YES;
				GCC_WARN_UNUSED_VARIABLE = YES;
				IPHONEOS_DEPLOYMENT_TARGET = 10.0;
				MTL_ENABLE_DEBUG_INFO = NO;
				SDKROOT = iphoneos;
				SWIFT_OPTIMIZATION_LEVEL = "-Owholemodule";
				VALIDATE_PRODUCT = YES;
			};
			name = Release;
		};
		6FA549B01DC2EB7B00058287 /* Debug */ = {
			isa = XCBuildConfiguration;
			buildSettings = {
				ASSETCATALOG_COMPILER_APPICON_NAME = AppIcon;
				DEVELOPMENT_TEAM = 9AC9J6TPZS;
				INFOPLIST_FILE = goChat/Info.plist;
				LD_RUNPATH_SEARCH_PATHS = "$(inherited) @executable_path/Frameworks";
				PRODUCT_BUNDLE_IDENTIFIER = com.sahilda.goChat;
				PRODUCT_NAME = "$(TARGET_NAME)";
				SWIFT_VERSION = 3.0;
			};
			name = Debug;
		};
		6FA549B11DC2EB7B00058287 /* Release */ = {
			isa = XCBuildConfiguration;
			buildSettings = {
				ASSETCATALOG_COMPILER_APPICON_NAME = AppIcon;
				DEVELOPMENT_TEAM = 9AC9J6TPZS;
				INFOPLIST_FILE = goChat/Info.plist;
				LD_RUNPATH_SEARCH_PATHS = "$(inherited) @executable_path/Frameworks";
				PRODUCT_BUNDLE_IDENTIFIER = com.sahilda.goChat;
				PRODUCT_NAME = "$(TARGET_NAME)";
				SWIFT_VERSION = 3.0;
			};
			name = Release;
		};
/* End XCBuildConfiguration section */

/* Begin XCConfigurationList section */
		6FA549981DC2EB7B00058287 /* Build configuration list for PBXProject "goChat" */ = {
			isa = XCConfigurationList;
			buildConfigurations = (
				6FA549AD1DC2EB7B00058287 /* Debug */,
				6FA549AE1DC2EB7B00058287 /* Release */,
			);
			defaultConfigurationIsVisible = 0;
			defaultConfigurationName = Release;
		};
		6FA549AF1DC2EB7B00058287 /* Build configuration list for PBXNativeTarget "goChat" */ = {
			isa = XCConfigurationList;
			buildConfigurations = (
				6FA549B01DC2EB7B00058287 /* Debug */,
				6FA549B11DC2EB7B00058287 /* Release */,
			);
			defaultConfigurationIsVisible = 0;
		};
/* End XCConfigurationList section */
	};
	rootObject = 6FA549951DC2EB7B00058287 /* Project object */;
}
