// !$*UTF8*$!
{
	archiveVersion = 1;
	classes = {
	};
	objectVersion = 46;
	objects = {

/* Begin PBXBuildFile section */
		6FA2D1AC1DD56FA1008C0EF9 /* AppDelegate.swift in Sources */ = {isa = PBXBuildFile; fileRef = 6FA2D1AB1DD56FA1008C0EF9 /* AppDelegate.swift */; };
		6FA2D1AE1DD56FA1008C0EF9 /* CardsViewController.swift in Sources */ = {isa = PBXBuildFile; fileRef = 6FA2D1AD1DD56FA1008C0EF9 /* CardsViewController.swift */; };
		6FA2D1B11DD56FA1008C0EF9 /* Main.storyboard in Resources */ = {isa = PBXBuildFile; fileRef = 6FA2D1AF1DD56FA1008C0EF9 /* Main.storyboard */; };
		6FA2D1B31DD56FA1008C0EF9 /* Assets.xcassets in Resources */ = {isa = PBXBuildFile; fileRef = 6FA2D1B21DD56FA1008C0EF9 /* Assets.xcassets */; };
		6FA2D1B61DD56FA1008C0EF9 /* LaunchScreen.storyboard in Resources */ = {isa = PBXBuildFile; fileRef = 6FA2D1B41DD56FA1008C0EF9 /* LaunchScreen.storyboard */; };
		6FA2D1BF1DD5773C008C0EF9 /* DraggableImageView.xib in Resources */ = {isa = PBXBuildFile; fileRef = 6FA2D1BE1DD5773C008C0EF9 /* DraggableImageView.xib */; };
		6FA2D1C11DD5776B008C0EF9 /* DraggableImageView.swift in Sources */ = {isa = PBXBuildFile; fileRef = 6FA2D1C01DD5776B008C0EF9 /* DraggableImageView.swift */; };
		FBE2C7BF1ED20B36007990AF /* ProfileViewController.swift in Sources */ = {isa = PBXBuildFile; fileRef = FBE2C7BE1ED20B36007990AF /* ProfileViewController.swift */; };
/* End PBXBuildFile section */

/* Begin PBXFileReference section */
		6FA2D1A81DD56FA1008C0EF9 /* tinder_remade.app */ = {isa = PBXFileReference; explicitFileType = wrapper.application; includeInIndex = 0; path = tinder_remade.app; sourceTree = BUILT_PRODUCTS_DIR; };
		6FA2D1AB1DD56FA1008C0EF9 /* AppDelegate.swift */ = {isa = PBXFileReference; lastKnownFileType = sourcecode.swift; path = AppDelegate.swift; sourceTree = "<group>"; };
		6FA2D1AD1DD56FA1008C0EF9 /* CardsViewController.swift */ = {isa = PBXFileReference; lastKnownFileType = sourcecode.swift; path = CardsViewController.swift; sourceTree = "<group>"; };
		6FA2D1B01DD56FA1008C0EF9 /* Base */ = {isa = PBXFileReference; lastKnownFileType = file.storyboard; name = Base; path = Base.lproj/Main.storyboard; sourceTree = "<group>"; };
		6FA2D1B21DD56FA1008C0EF9 /* Assets.xcassets */ = {isa = PBXFileReference; lastKnownFileType = folder.assetcatalog; path = Assets.xcassets; sourceTree = "<group>"; };
		6FA2D1B51DD56FA1008C0EF9 /* Base */ = {isa = PBXFileReference; lastKnownFileType = file.storyboard; name = Base; path = Base.lproj/LaunchScreen.storyboard; sourceTree = "<group>"; };
		6FA2D1B71DD56FA1008C0EF9 /* Info.plist */ = {isa = PBXFileReference; lastKnownFileType = text.plist.xml; path = Info.plist; sourceTree = "<group>"; };
		6FA2D1BE1DD5773C008C0EF9 /* DraggableImageView.xib */ = {isa = PBXFileReference; fileEncoding = 4; lastKnownFileType = file.xib; path = DraggableImageView.xib; sourceTree = "<group>"; };
		6FA2D1C01DD5776B008C0EF9 /* DraggableImageView.swift */ = {isa = PBXFileReference; fileEncoding = 4; lastKnownFileType = sourcecode.swift; path = DraggableImageView.swift; sourceTree = "<group>"; };
		FBE2C7BE1ED20B36007990AF /* ProfileViewController.swift */ = {isa = PBXFileReference; fileEncoding = 4; lastKnownFileType = sourcecode.swift; path = ProfileViewController.swift; sourceTree = "<group>"; };
/* End PBXFileReference section */

/* Begin PBXFrameworksBuildPhase section */
		6FA2D1A51DD56FA0008C0EF9 /* Frameworks */ = {
			isa = PBXFrameworksBuildPhase;
			buildActionMask = 2147483647;
			files = (
			);
			runOnlyForDeploymentPostprocessing = 0;
		};
/* End PBXFrameworksBuildPhase section */

/* Begin PBXGroup section */
		6FA2D19F1DD56FA0008C0EF9 = {
			isa = PBXGroup;
			children = (
				6FA2D1AA1DD56FA1008C0EF9 /* tinder_remade */,
				6FA2D1A91DD56FA1008C0EF9 /* Products */,
			);
			sourceTree = "<group>";
		};
		6FA2D1A91DD56FA1008C0EF9 /* Products */ = {
			isa = PBXGroup;
			children = (
				6FA2D1A81DD56FA1008C0EF9 /* tinder_remade.app */,
			);
			name = Products;
			sourceTree = "<group>";
		};
		6FA2D1AA1DD56FA1008C0EF9 /* tinder_remade */ = {
			isa = PBXGroup;
			children = (
				6FA2D1BE1DD5773C008C0EF9 /* DraggableImageView.xib */,
				6FA2D1C01DD5776B008C0EF9 /* DraggableImageView.swift */,
				6FA2D1BD1DD56FFB008C0EF9 /* view controllers */,
				6FA2D1AB1DD56FA1008C0EF9 /* AppDelegate.swift */,
				6FA2D1AF1DD56FA1008C0EF9 /* Main.storyboard */,
				6FA2D1B21DD56FA1008C0EF9 /* Assets.xcassets */,
				6FA2D1B41DD56FA1008C0EF9 /* LaunchScreen.storyboard */,
				6FA2D1B71DD56FA1008C0EF9 /* Info.plist */,
			);
			path = tinder_remade;
			sourceTree = "<group>";
		};
		6FA2D1BD1DD56FFB008C0EF9 /* view controllers */ = {
			isa = PBXGroup;
			children = (
				6FA2D1AD1DD56FA1008C0EF9 /* CardsViewController.swift */,
				FBE2C7BE1ED20B36007990AF /* ProfileViewController.swift */,
			);
			name = "view controllers";
			sourceTree = "<group>";
		};
/* End PBXGroup section */

/* Begin PBXNativeTarget section */
		6FA2D1A71DD56FA0008C0EF9 /* tinder_remade */ = {
			isa = PBXNativeTarget;
			buildConfigurationList = 6FA2D1BA1DD56FA1008C0EF9 /* Build configuration list for PBXNativeTarget "tinder_remade" */;
			buildPhases = (
				6FA2D1A41DD56FA0008C0EF9 /* Sources */,
				6FA2D1A51DD56FA0008C0EF9 /* Frameworks */,
				6FA2D1A61DD56FA0008C0EF9 /* Resources */,
			);
			buildRules = (
			);
			dependencies = (
			);
			name = tinder_remade;
			productName = tinder_remade;
			productReference = 6FA2D1A81DD56FA1008C0EF9 /* tinder_remade.app */;
			productType = "com.apple.product-type.application";
		};
/* End PBXNativeTarget section */

/* Begin PBXProject section */
		6FA2D1A01DD56FA0008C0EF9 /* Project object */ = {
			isa = PBXProject;
			attributes = {
				LastSwiftUpdateCheck = 0810;
				LastUpgradeCheck = 0830;
				ORGANIZATIONNAME = "Sahil Agarwal";
				TargetAttributes = {
					6FA2D1A71DD56FA0008C0EF9 = {
						CreatedOnToolsVersion = 8.1;
						DevelopmentTeam = 9AC9J6TPZS;
						ProvisioningStyle = Automatic;
					};
				};
			};
			buildConfigurationList = 6FA2D1A31DD56FA0008C0EF9 /* Build configuration list for PBXProject "tinder_remade" */;
			compatibilityVersion = "Xcode 3.2";
			developmentRegion = English;
			hasScannedForEncodings = 0;
			knownRegions = (
				en,
				Base,
			);
			mainGroup = 6FA2D19F1DD56FA0008C0EF9;
			productRefGroup = 6FA2D1A91DD56FA1008C0EF9 /* Products */;
			projectDirPath = "";
			projectRoot = "";
			targets = (
				6FA2D1A71DD56FA0008C0EF9 /* tinder_remade */,
			);
		};
/* End PBXProject section */

/* Begin PBXResourcesBuildPhase section */
		6FA2D1A61DD56FA0008C0EF9 /* Resources */ = {
			isa = PBXResourcesBuildPhase;
			buildActionMask = 2147483647;
			files = (
				6FA2D1B61DD56FA1008C0EF9 /* LaunchScreen.storyboard in Resources */,
				6FA2D1B31DD56FA1008C0EF9 /* Assets.xcassets in Resources */,
				6FA2D1BF1DD5773C008C0EF9 /* DraggableImageView.xib in Resources */,
				6FA2D1B11DD56FA1008C0EF9 /* Main.storyboard in Resources */,
			);
			runOnlyForDeploymentPostprocessing = 0;
		};
/* End PBXResourcesBuildPhase section */

/* Begin PBXSourcesBuildPhase section */
		6FA2D1A41DD56FA0008C0EF9 /* Sources */ = {
			isa = PBXSourcesBuildPhase;
			buildActionMask = 2147483647;
			files = (
				6FA2D1AE1DD56FA1008C0EF9 /* CardsViewController.swift in Sources */,
				6FA2D1C11DD5776B008C0EF9 /* DraggableImageView.swift in Sources */,
				FBE2C7BF1ED20B36007990AF /* ProfileViewController.swift in Sources */,
				6FA2D1AC1DD56FA1008C0EF9 /* AppDelegate.swift in Sources */,
			);
			runOnlyForDeploymentPostprocessing = 0;
		};
/* End PBXSourcesBuildPhase section */

/* Begin PBXVariantGroup section */
		6FA2D1AF1DD56FA1008C0EF9 /* Main.storyboard */ = {
			isa = PBXVariantGroup;
			children = (
				6FA2D1B01DD56FA1008C0EF9 /* Base */,
			);
			name = Main.storyboard;
			sourceTree = "<group>";
		};
		6FA2D1B41DD56FA1008C0EF9 /* LaunchScreen.storyboard */ = {
			isa = PBXVariantGroup;
			children = (
				6FA2D1B51DD56FA1008C0EF9 /* Base */,
			);
			name = LaunchScreen.storyboard;
			sourceTree = "<group>";
		};
/* End PBXVariantGroup section */

/* Begin XCBuildConfiguration section */
		6FA2D1B81DD56FA1008C0EF9 /* Debug */ = {
			isa = XCBuildConfiguration;
			buildSettings = {
				ALWAYS_SEARCH_USER_PATHS = NO;
				CLANG_ANALYZER_NONNULL = YES;
				CLANG_CXX_LANGUAGE_STANDARD = "gnu++0x";
				CLANG_CXX_LIBRARY = "libc++";
				CLANG_ENABLE_MODULES = YES;
				CLANG_ENABLE_OBJC_ARC = YES;
				CLANG_WARN_BOOL_CONVERSION = YES;
				CLANG_WARN_CONSTANT_CONVERSION = YES;
				CLANG_WARN_DIRECT_OBJC_ISA_USAGE = YES_ERROR;
				CLANG_WARN_DOCUMENTATION_COMMENTS = YES;
				CLANG_WARN_EMPTY_BODY = YES;
				CLANG_WARN_ENUM_CONVERSION = YES;
				CLANG_WARN_INFINITE_RECURSION = YES;
				CLANG_WARN_INT_CONVERSION = YES;
				CLANG_WARN_OBJC_ROOT_CLASS = YES_ERROR;
				CLANG_WARN_SUSPICIOUS_MOVE = YES;
				CLANG_WARN_SUSPICIOUS_MOVES = YES;
				CLANG_WARN_UNREACHABLE_CODE = YES;
				CLANG_WARN__DUPLICATE_METHOD_MATCH = YES;
				"CODE_SIGN_IDENTITY[sdk=iphoneos*]" = "iPhone Developer";
				COPY_PHASE_STRIP = NO;
				DEBUG_INFORMATION_FORMAT = dwarf;
				ENABLE_STRICT_OBJC_MSGSEND = YES;
				ENABLE_TESTABILITY = YES;
				GCC_C_LANGUAGE_STANDARD = gnu99;
				GCC_DYNAMIC_NO_PIC = NO;
				GCC_NO_COMMON_BLOCKS = YES;
				GCC_OPTIMIZATION_LEVEL = 0;
				GCC_PREPROCESSOR_DEFINITIONS = (
					"DEBUG=1",
					"$(inherited)",
				);
				GCC_WARN_64_TO_32_BIT_CONVERSION = YES;
				GCC_WARN_ABOUT_RETURN_TYPE = YES_ERROR;
				GCC_WARN_UNDECLARED_SELECTOR = YES;
				GCC_WARN_UNINITIALIZED_AUTOS = YES_AGGRESSIVE;
				GCC_WARN_UNUSED_FUNCTION = YES;
				GCC_WARN_UNUSED_VARIABLE = YES;
				IPHONEOS_DEPLOYMENT_TARGET = 10.1;
				MTL_ENABLE_DEBUG_INFO = YES;
				ONLY_ACTIVE_ARCH = YES;
				SDKROOT = iphoneos;
				SWIFT_ACTIVE_COMPILATION_CONDITIONS = DEBUG;
				SWIFT_OPTIMIZATION_LEVEL = "-Onone";
			};
			name = Debug;
		};
		6FA2D1B91DD56FA1008C0EF9 /* Release */ = {
			isa = XCBuildConfiguration;
			buildSettings = {
				ALWAYS_SEARCH_USER_PATHS = NO;
				CLANG_ANALYZER_NONNULL = YES;
				CLANG_CXX_LANGUAGE_STANDARD = "gnu++0x";
				CLANG_CXX_LIBRARY = "libc++";
				CLANG_ENABLE_MODULES = YES;
				CLANG_ENABLE_OBJC_ARC = YES;
				CLANG_WARN_BOOL_CONVERSION = YES;
				CLANG_WARN_CONSTANT_CONVERSION = YES;
				CLANG_WARN_DIRECT_OBJC_ISA_USAGE = YES_ERROR;
				CLANG_WARN_DOCUMENTATION_COMMENTS = YES;
				CLANG_WARN_EMPTY_BODY = YES;
				CLANG_WARN_ENUM_CONVERSION = YES;
				CLANG_WARN_INFINITE_RECURSION = YES;
				CLANG_WARN_INT_CONVERSION = YES;
				CLANG_WARN_OBJC_ROOT_CLASS = YES_ERROR;
				CLANG_WARN_SUSPICIOUS_MOVE = YES;
				CLANG_WARN_SUSPICIOUS_MOVES = YES;
				CLANG_WARN_UNREACHABLE_CODE = YES;
				CLANG_WARN__DUPLICATE_METHOD_MATCH = YES;
				"CODE_SIGN_IDENTITY[sdk=iphoneos*]" = "iPhone Developer";
				COPY_PHASE_STRIP = NO;
				DEBUG_INFORMATION_FORMAT = "dwarf-with-dsym";
				ENABLE_NS_ASSERTIONS = NO;
				ENABLE_STRICT_OBJC_MSGSEND = YES;
				GCC_C_LANGUAGE_STANDARD = gnu99;
				GCC_NO_COMMON_BLOCKS = YES;
				GCC_WARN_64_TO_32_BIT_CONVERSION = YES;
				GCC_WARN_ABOUT_RETURN_TYPE = YES_ERROR;
				GCC_WARN_UNDECLARED_SELECTOR = YES;
				GCC_WARN_UNINITIALIZED_AUTOS = YES_AGGRESSIVE;
				GCC_WARN_UNUSED_FUNCTION = YES;
				GCC_WARN_UNUSED_VARIABLE = YES;
				IPHONEOS_DEPLOYMENT_TARGET = 10.1;
				MTL_ENABLE_DEBUG_INFO = NO;
				SDKROOT = iphoneos;
				SWIFT_OPTIMIZATION_LEVEL = "-Owholemodule";
				VALIDATE_PRODUCT = YES;
			};
			name = Release;
		};
		6FA2D1BB1DD56FA1008C0EF9 /* Debug */ = {
			isa = XCBuildConfiguration;
			buildSettings = {
				ASSETCATALOG_COMPILER_APPICON_NAME = AppIcon;
				DEVELOPMENT_TEAM = 9AC9J6TPZS;
				INFOPLIST_FILE = tinder_remade/Info.plist;
				LD_RUNPATH_SEARCH_PATHS = "$(inherited) @executable_path/Frameworks";
				PRODUCT_BUNDLE_IDENTIFIER = "com.sahilda.tinder-remade";
				PRODUCT_NAME = "$(TARGET_NAME)";
				SWIFT_VERSION = 3.0;
			};
			name = Debug;
		};
		6FA2D1BC1DD56FA1008C0EF9 /* Release */ = {
			isa = XCBuildConfiguration;
			buildSettings = {
				ASSETCATALOG_COMPILER_APPICON_NAME = AppIcon;
				DEVELOPMENT_TEAM = 9AC9J6TPZS;
				INFOPLIST_FILE = tinder_remade/Info.plist;
				LD_RUNPATH_SEARCH_PATHS = "$(inherited) @executable_path/Frameworks";
				PRODUCT_BUNDLE_IDENTIFIER = "com.sahilda.tinder-remade";
				PRODUCT_NAME = "$(TARGET_NAME)";
				SWIFT_VERSION = 3.0;
			};
			name = Release;
		};
/* End XCBuildConfiguration section */

/* Begin XCConfigurationList section */
		6FA2D1A31DD56FA0008C0EF9 /* Build configuration list for PBXProject "tinder_remade" */ = {
			isa = XCConfigurationList;
			buildConfigurations = (
				6FA2D1B81DD56FA1008C0EF9 /* Debug */,
				6FA2D1B91DD56FA1008C0EF9 /* Release */,
			);
			defaultConfigurationIsVisible = 0;
			defaultConfigurationName = Release;
		};
		6FA2D1BA1DD56FA1008C0EF9 /* Build configuration list for PBXNativeTarget "tinder_remade" */ = {
			isa = XCConfigurationList;
			buildConfigurations = (
				6FA2D1BB1DD56FA1008C0EF9 /* Debug */,
				6FA2D1BC1DD56FA1008C0EF9 /* Release */,
			);
			defaultConfigurationIsVisible = 0;
			defaultConfigurationName = Release;
		};
/* End XCConfigurationList section */
	};
	rootObject = 6FA2D1A01DD56FA0008C0EF9 /* Project object */;
}
